schema: '2.0'
stages:
  split:
    cmd: python stages/split.py --config params.yaml
    deps:
    - path: initial_data/data.csv
      md5: c783a10125145e31950f6bf2834f2301
      size: 3670
    - path: stages/split.py
      md5: 4985d65b9ff5422b23e6f9ad6e4fed54
      size: 1022
    params:
      params.yaml:
        split.param:
          test_fraction: 0.2
    outs:
    - path: data/test_data.csv
      md5: dbf1d0d2151016e8e3e4ee4a56282546
      size: 742
    - path: data/train_data.csv
      md5: 10f40efe6bf259584cadaf4763b71ed1
      size: 2911
  train:
    cmd: python stages/train.py --config params.yaml
    deps:
    - path: data/train_data.csv
      md5: 10f40efe6bf259584cadaf4763b71ed1
      size: 2911
    - path: stages/train.py
      md5: 6a42e03efabc29c0b4a03921edd40cdf
      size: 973
    params:
      params.yaml:
        train.param:
          alpha: 1.0
    outs:
    - path: models/model_mlem
      md5: 197f66a97ebe2ab0de349588c25b479b
      size: 516
  evaluate:
    cmd: python stages/evaluate.py --config params.yaml
    deps:
    - path: data/test_data.csv
      md5: dbf1d0d2151016e8e3e4ee4a56282546
      size: 742
    - path: data/train_data.csv
      md5: 10f40efe6bf259584cadaf4763b71ed1
      size: 2911
    - path: models/model_mlem
      md5: 197f66a97ebe2ab0de349588c25b479b
      size: 516
    - path: stages/evaluate.py
      md5: fa8fb762bf9aa5343462535621e47b49
      size: 1873
    outs:
    - path: reports/metrics.json
      md5: 1623a14e8ba29a8d1d6f08a6ab26ac63
      size: 142
    - path: reports/result.csv
      md5: 9aadd4d0bd4a7a4909c26ef9aa4af875
      size: 5892
