schema: '2.0'
stages:
  split:
    cmd: python stages/split.py --config params.yaml
    deps:
    - path: initial_data/data.csv
      md5: 575cb4c6a924c24026565ee9d0418b55
      size: 3830
    - path: stages/split.py
      md5: 4985d65b9ff5422b23e6f9ad6e4fed54
      size: 1022
    params:
      params.yaml:
        split.param:
          test_fraction: 0.2
    outs:
    - path: data/test_data.csv
      md5: e39e16818312e681ae19f1626241c7a4
      size: 750
    - path: data/train_data.csv
      md5: 7756cbd3245ed74f6ec9dc7e403cd217
      size: 3029
  train:
    cmd: python stages/train.py --config params.yaml
    deps:
    - path: data/train_data.csv
      md5: 7756cbd3245ed74f6ec9dc7e403cd217
      size: 3029
    - path: stages/train.py
      md5: 6a42e03efabc29c0b4a03921edd40cdf
      size: 973
    params:
      params.yaml:
        train.param:
          alpha: 4
    outs:
    - path: models/model_mlem
      md5: ab1ac1ddc530a0ebb23754d8ee635070
      size: 509
  evaluate:
    cmd: python stages/evaluate.py --config params.yaml
    deps:
    - path: data/test_data.csv
      md5: e39e16818312e681ae19f1626241c7a4
      size: 750
    - path: data/train_data.csv
      md5: 7756cbd3245ed74f6ec9dc7e403cd217
      size: 3029
    - path: models/model_mlem
      md5: ab1ac1ddc530a0ebb23754d8ee635070
      size: 509
    - path: stages/evaluate.py
      md5: fa8fb762bf9aa5343462535621e47b49
      size: 1873
    outs:
    - path: reports/metrics.json
      md5: 7afb7eb4f7f9ac8b11bb7b9bc2534223
      size: 130
    - path: reports/result.csv
      md5: 489d37251e2c4fb80efc19bd31d6c581
      size: 6231
